
Microsoft Visual Studio Solution File, Format Version 12.00
# Visual Studio Version 17
VisualStudioVersion = 17.0.31903.59
MinimumVisualStudioVersion = 10.0.40219.1
Project("{2150E333-8FDC-42A3-9474-1A3956D46DE8}") = "common", "common", "{881589EE-639B-0A35-DBCE-5D94E4FC90C0}"
EndProject
Project("{FAE04EC0-301F-11D3-BF4B-00C04F79EFBC}") = "SecureVol.Common", "common\SecureVol.Common\SecureVol.Common.csproj", "{DCA12D91-2102-455B-924C-E57B8B434130}"
EndProject
Project("{FAE04EC0-301F-11D3-BF4B-00C04F79EFBC}") = "SecureVol.Service", "service\SecureVol.Service\SecureVol.Service.csproj", "{3D539C38-4D76-4320-9DC6-8C1E35C9A441}"
EndProject
Project("{FAE04EC0-301F-11D3-BF4B-00C04F79EFBC}") = "SecureVol.Cli", "cli\SecureVol.Cli\SecureVol.Cli.csproj", "{A4873721-FFFA-498A-82DB-B82BC054473A}"
EndProject
Project("{FAE04EC0-301F-11D3-BF4B-00C04F79EFBC}") = "SecureVol.Service.Tests", "tests\SecureVol.Service.Tests\SecureVol.Service.Tests.csproj", "{CA027F07-1E8D-46BB-9386-D926EA888E9B}"
EndProject
Project("{2150E333-8FDC-42A3-9474-1A3956D46DE8}") = "driver", "driver", "{A61EF809-8DE7-F541-932B-336E740821C7}"
EndProject
Project("{8BC9CEB8-8B4A-11D0-8D11-00A0C91BC942}") = "SecureVolFlt", "driver\SecureVolFlt\SecureVolFlt.vcxproj", "{67A8443D-865B-BE87-66D9-5E687BD1D751}"
EndProject
Project("{2150E333-8FDC-42A3-9474-1A3956D46DE8}") = "app", "app", "{F95F473B-E98A-ACD6-1986-755F447BE36F}"
EndProject
Project("{FAE04EC0-301F-11D3-BF4B-00C04F79EFBC}") = "SecureVol.App", "app\SecureVol.App\SecureVol.App.csproj", "{8C586C35-1908-45A6-89E8-DB149443A4FF}"
EndProject
Project("{2150E333-8FDC-42A3-9474-1A3956D46DE8}") = "installer", "installer", "{1860D2E4-5C43-71D5-59A5-599A4DE1DF67}"
EndProject
Project("{FAE04EC0-301F-11D3-BF4B-00C04F79EFBC}") = "SecureVol.SetupHost", "installer\SecureVol.SetupHost\SecureVol.SetupHost.csproj", "{1B41428F-3740-42D3-AEDF-C3C0296405B7}"
EndProject
Project("{FAE04EC0-301F-11D3-BF4B-00C04F79EFBC}") = "SecureVol.AppCore", "app\SecureVol.AppCore\SecureVol.AppCore.csproj", "{AA4515A6-B9BE-4358-AACB-236B9B12145A}"
EndProject
Project("{FAE04EC0-301F-11D3-BF4B-00C04F79EFBC}") = "SecureVol.ImGui", "app\SecureVol.ImGui\SecureVol.ImGui.csproj", "{DEB02704-9A3D-4FC3-B10E-7D892EE15B65}"
EndProject
Project("{8BC9CEB8-8B4A-11D0-8D11-00A0C91BC942}") = "SecureVol.ImGuiNative", "app\SecureVol.ImGuiNative\SecureVol.ImGuiNative.vcxproj", "{6F695BDF-6F8C-4A38-8F7E-42035F98A767}"
EndProject
Project("{FAE04EC0-301F-11D3-BF4B-00C04F79EFBC}") = "SecureVol.Installer", "installer\SecureVol.Installer\SecureVol.Installer.csproj", "{8FFDE1E4-038B-4F20-996F-204206AED20C}"
EndProject
Global
	GlobalSection(SolutionConfigurationPlatforms) = preSolution
		Debug|Any CPU = Debug|Any CPU
		Debug|x64 = Debug|x64
		Debug|x86 = Debug|x86
		Release|Any CPU = Release|Any CPU
		Release|x64 = Release|x64
		Release|x86 = Release|x86
	EndGlobalSection
	GlobalSection(ProjectConfigurationPlatforms) = postSolution
		{DCA12D91-2102-455B-924C-E57B8B434130}.Debug|Any CPU.ActiveCfg = Debug|x64
		{DCA12D91-2102-455B-924C-E57B8B434130}.Debug|Any CPU.Build.0 = Debug|x64
		{DCA12D91-2102-455B-924C-E57B8B434130}.Debug|x64.ActiveCfg = Debug|x64
		{DCA12D91-2102-455B-924C-E57B8B434130}.Debug|x64.Build.0 = Debug|x64
		{DCA12D91-2102-455B-924C-E57B8B434130}.Debug|x86.ActiveCfg = Debug|x64
		{DCA12D91-2102-455B-924C-E57B8B434130}.Debug|x86.Build.0 = Debug|x64
		{DCA12D91-2102-455B-924C-E57B8B434130}.Release|Any CPU.ActiveCfg = Release|x64
		{DCA12D91-2102-455B-924C-E57B8B434130}.Release|Any CPU.Build.0 = Release|x64
		{DCA12D91-2102-455B-924C-E57B8B434130}.Release|x64.ActiveCfg = Release|x64
		{DCA12D91-2102-455B-924C-E57B8B434130}.Release|x64.Build.0 = Release|x64
		{DCA12D91-2102-455B-924C-E57B8B434130}.Release|x86.ActiveCfg = Release|x64
		{DCA12D91-2102-455B-924C-E57B8B434130}.Release|x86.Build.0 = Release|x64
		{3D539C38-4D76-4320-9DC6-8C1E35C9A441}.Debug|Any CPU.ActiveCfg = Debug|x64
		{3D539C38-4D76-4320-9DC6-8C1E35C9A441}.Debug|Any CPU.Build.0 = Debug|x64
		{3D539C38-4D76-4320-9DC6-8C1E35C9A441}.Debug|x64.ActiveCfg = Debug|x64
		{3D539C38-4D76-4320-9DC6-8C1E35C9A441}.Debug|x64.Build.0 = Debug|x64
		{3D539C38-4D76-4320-9DC6-8C1E35C9A441}.Debug|x86.ActiveCfg = Debug|x64
		{3D539C38-4D76-4320-9DC6-8C1E35C9A441}.Debug|x86.Build.0 = Debug|x64
		{3D539C38-4D76-4320-9DC6-8C1E35C9A441}.Release|Any CPU.ActiveCfg = Release|x64
		{3D539C38-4D76-4320-9DC6-8C1E35C9A441}.Release|Any CPU.Build.0 = Release|x64
		{3D539C38-4D76-4320-9DC6-8C1E35C9A441}.Release|x64.ActiveCfg = Release|x64
		{3D539C38-4D76-4320-9DC6-8C1E35C9A441}.Release|x64.Build.0 = Release|x64
		{3D539C38-4D76-4320-9DC6-8C1E35C9A441}.Release|x86.ActiveCfg = Release|x64
		{3D539C38-4D76-4320-9DC6-8C1E35C9A441}.Release|x86.Build.0 = Release|x64
		{A4873721-FFFA-498A-82DB-B82BC054473A}.Debug|Any CPU.ActiveCfg = Debug|x64
		{A4873721-FFFA-498A-82DB-B82BC054473A}.Debug|Any CPU.Build.0 = Debug|x64
		{A4873721-FFFA-498A-82DB-B82BC054473A}.Debug|x64.ActiveCfg = Debug|x64
		{A4873721-FFFA-498A-82DB-B82BC054473A}.Debug|x64.Build.0 = Debug|x64
		{A4873721-FFFA-498A-82DB-B82BC054473A}.Debug|x86.ActiveCfg = Debug|x64
		{A4873721-FFFA-498A-82DB-B82BC054473A}.Debug|x86.Build.0 = Debug|x64
		{A4873721-FFFA-498A-82DB-B82BC054473A}.Release|Any CPU.ActiveCfg = Release|x64
		{A4873721-FFFA-498A-82DB-B82BC054473A}.Release|Any CPU.Build.0 = Release|x64
		{A4873721-FFFA-498A-82DB-B82BC054473A}.Release|x64.ActiveCfg = Release|x64
		{A4873721-FFFA-498A-82DB-B82BC054473A}.Release|x64.Build.0 = Release|x64
		{A4873721-FFFA-498A-82DB-B82BC054473A}.Release|x86.ActiveCfg = Release|x64
		{A4873721-FFFA-498A-82DB-B82BC054473A}.Release|x86.Build.0 = Release|x64
		{CA027F07-1E8D-46BB-9386-D926EA888E9B}.Debug|Any CPU.ActiveCfg = Debug|x64
		{CA027F07-1E8D-46BB-9386-D926EA888E9B}.Debug|Any CPU.Build.0 = Debug|x64
		{CA027F07-1E8D-46BB-9386-D926EA888E9B}.Debug|x64.ActiveCfg = Debug|x64
		{CA027F07-1E8D-46BB-9386-D926EA888E9B}.Debug|x64.Build.0 = Debug|x64
		{CA027F07-1E8D-46BB-9386-D926EA888E9B}.Debug|x86.ActiveCfg = Debug|x64
		{CA027F07-1E8D-46BB-9386-D926EA888E9B}.Debug|x86.Build.0 = Debug|x64
		{CA027F07-1E8D-46BB-9386-D926EA888E9B}.Release|Any CPU.ActiveCfg = Release|x64
		{CA027F07-1E8D-46BB-9386-D926EA888E9B}.Release|Any CPU.Build.0 = Release|x64
		{CA027F07-1E8D-46BB-9386-D926EA888E9B}.Release|x64.ActiveCfg = Release|x64
		{CA027F07-1E8D-46BB-9386-D926EA888E9B}.Release|x64.Build.0 = Release|x64
		{CA027F07-1E8D-46BB-9386-D926EA888E9B}.Release|x86.ActiveCfg = Release|x64
		{CA027F07-1E8D-46BB-9386-D926EA888E9B}.Release|x86.Build.0 = Release|x64
		{67A8443D-865B-BE87-66D9-5E687BD1D751}.Debug|Any CPU.ActiveCfg = Debug|x64
		{67A8443D-865B-BE87-66D9-5E687BD1D751}.Debug|Any CPU.Build.0 = Debug|x64
		{67A8443D-865B-BE87-66D9-5E687BD1D751}.Debug|x64.ActiveCfg = Debug|x64
		{67A8443D-865B-BE87-66D9-5E687BD1D751}.Debug|x64.Build.0 = Debug|x64
		{67A8443D-865B-BE87-66D9-5E687BD1D751}.Debug|x86.ActiveCfg = Debug|Win32
		{67A8443D-865B-BE87-66D9-5E687BD1D751}.Debug|x86.Build.0 = Debug|Win32
		{67A8443D-865B-BE87-66D9-5E687BD1D751}.Release|Any CPU.ActiveCfg = Release|x64
		{67A8443D-865B-BE87-66D9-5E687BD1D751}.Release|Any CPU.Build.0 = Release|x64
		{67A8443D-865B-BE87-66D9-5E687BD1D751}.Release|x64.ActiveCfg = Release|x64
		{67A8443D-865B-BE87-66D9-5E687BD1D751}.Release|x64.Build.0 = Release|x64
		{67A8443D-865B-BE87-66D9-5E687BD1D751}.Release|x86.ActiveCfg = Release|Win32
		{67A8443D-865B-BE87-66D9-5E687BD1D751}.Release|x86.Build.0 = Release|Win32
		{8C586C35-1908-45A6-89E8-DB149443A4FF}.Debug|Any CPU.ActiveCfg = Debug|x64
		{8C586C35-1908-45A6-89E8-DB149443A4FF}.Debug|Any CPU.Build.0 = Debug|x64
		{8C586C35-1908-45A6-89E8-DB149443A4FF}.Debug|x64.ActiveCfg = Debug|x64
		{8C586C35-1908-45A6-89E8-DB149443A4FF}.Debug|x64.Build.0 = Debug|x64
		{8C586C35-1908-45A6-89E8-DB149443A4FF}.Debug|x86.ActiveCfg = Debug|x64
		{8C586C35-1908-45A6-89E8-DB149443A4FF}.Debug|x86.Build.0 = Debug|x64
		{8C586C35-1908-45A6-89E8-DB149443A4FF}.Release|Any CPU.ActiveCfg = Release|x64
		{8C586C35-1908-45A6-89E8-DB149443A4FF}.Release|Any CPU.Build.0 = Release|x64
		{8C586C35-1908-45A6-89E8-DB149443A4FF}.Release|x64.ActiveCfg = Release|x64
		{8C586C35-1908-45A6-89E8-DB149443A4FF}.Release|x64.Build.0 = Release|x64
		{8C586C35-1908-45A6-89E8-DB149443A4FF}.Release|x86.ActiveCfg = Release|x64
		{8C586C35-1908-45A6-89E8-DB149443A4FF}.Release|x86.Build.0 = Release|x64
		{1B41428F-3740-42D3-AEDF-C3C0296405B7}.Debug|Any CPU.ActiveCfg = Debug|x64
		{1B41428F-3740-42D3-AEDF-C3C0296405B7}.Debug|Any CPU.Build.0 = Debug|x64
		{1B41428F-3740-42D3-AEDF-C3C0296405B7}.Debug|x64.ActiveCfg = Debug|x64
		{1B41428F-3740-42D3-AEDF-C3C0296405B7}.Debug|x64.Build.0 = Debug|x64
		{1B41428F-3740-42D3-AEDF-C3C0296405B7}.Debug|x86.ActiveCfg = Debug|x64
		{1B41428F-3740-42D3-AEDF-C3C0296405B7}.Debug|x86.Build.0 = Debug|x64
		{1B41428F-3740-42D3-AEDF-C3C0296405B7}.Release|Any CPU.ActiveCfg = Release|x64
		{1B41428F-3740-42D3-AEDF-C3C0296405B7}.Release|Any CPU.Build.0 = Release|x64
		{1B41428F-3740-42D3-AEDF-C3C0296405B7}.Release|x64.ActiveCfg = Release|x64
		{1B41428F-3740-42D3-AEDF-C3C0296405B7}.Release|x64.Build.0 = Release|x64
		{1B41428F-3740-42D3-AEDF-C3C0296405B7}.Release|x86.ActiveCfg = Release|x64
		{1B41428F-3740-42D3-AEDF-C3C0296405B7}.Release|x86.Build.0 = Release|x64
		{AA4515A6-B9BE-4358-AACB-236B9B12145A}.Debug|Any CPU.ActiveCfg = Debug|x64
		{AA4515A6-B9BE-4358-AACB-236B9B12145A}.Debug|Any CPU.Build.0 = Debug|x64
		{AA4515A6-B9BE-4358-AACB-236B9B12145A}.Debug|x64.ActiveCfg = Debug|x64
		{AA4515A6-B9BE-4358-AACB-236B9B12145A}.Debug|x64.Build.0 = Debug|x64
		{AA4515A6-B9BE-4358-AACB-236B9B12145A}.Debug|x86.ActiveCfg = Debug|x64
		{AA4515A6-B9BE-4358-AACB-236B9B12145A}.Debug|x86.Build.0 = Debug|x64
		{AA4515A6-B9BE-4358-AACB-236B9B12145A}.Release|Any CPU.ActiveCfg = Release|x64
		{AA4515A6-B9BE-4358-AACB-236B9B12145A}.Release|Any CPU.Build.0 = Release|x64
		{AA4515A6-B9BE-4358-AACB-236B9B12145A}.Release|x64.ActiveCfg = Release|x64
		{AA4515A6-B9BE-4358-AACB-236B9B12145A}.Release|x64.Build.0 = Release|x64
		{AA4515A6-B9BE-4358-AACB-236B9B12145A}.Release|x86.ActiveCfg = Release|x64
		{AA4515A6-B9BE-4358-AACB-236B9B12145A}.Release|x86.Build.0 = Release|x64
		{DEB02704-9A3D-4FC3-B10E-7D892EE15B65}.Debug|Any CPU.ActiveCfg = Debug|x64
		{DEB02704-9A3D-4FC3-B10E-7D892EE15B65}.Debug|Any CPU.Build.0 = Debug|x64
		{DEB02704-9A3D-4FC3-B10E-7D892EE15B65}.Debug|x64.ActiveCfg = Debug|x64
		{DEB02704-9A3D-4FC3-B10E-7D892EE15B65}.Debug|x64.Build.0 = Debug|x64
		{DEB02704-9A3D-4FC3-B10E-7D892EE15B65}.Debug|x86.ActiveCfg = Debug|x64
		{DEB02704-9A3D-4FC3-B10E-7D892EE15B65}.Debug|x86.Build.0 = Debug|x64
		{DEB02704-9A3D-4FC3-B10E-7D892EE15B65}.Release|Any CPU.ActiveCfg = Release|x64
		{DEB02704-9A3D-4FC3-B10E-7D892EE15B65}.Release|Any CPU.Build.0 = Release|x64
		{DEB02704-9A3D-4FC3-B10E-7D892EE15B65}.Release|x64.ActiveCfg = Release|x64
		{DEB02704-9A3D-4FC3-B10E-7D892EE15B65}.Release|x64.Build.0 = Release|x64
		{DEB02704-9A3D-4FC3-B10E-7D892EE15B65}.Release|x86.ActiveCfg = Release|x64
		{DEB02704-9A3D-4FC3-B10E-7D892EE15B65}.Release|x86.Build.0 = Release|x64
		{6F695BDF-6F8C-4A38-8F7E-42035F98A767}.Debug|Any CPU.ActiveCfg = Debug|x64
		{6F695BDF-6F8C-4A38-8F7E-42035F98A767}.Debug|Any CPU.Build.0 = Debug|x64
		{6F695BDF-6F8C-4A38-8F7E-42035F98A767}.Debug|x64.ActiveCfg = Debug|x64
		{6F695BDF-6F8C-4A38-8F7E-42035F98A767}.Debug|x64.Build.0 = Debug|x64
		{6F695BDF-6F8C-4A38-8F7E-42035F98A767}.Debug|x86.ActiveCfg = Debug|Win32
		{6F695BDF-6F8C-4A38-8F7E-42035F98A767}.Debug|x86.Build.0 = Debug|Win32
		{6F695BDF-6F8C-4A38-8F7E-42035F98A767}.Release|Any CPU.ActiveCfg = Release|x64
		{6F695BDF-6F8C-4A38-8F7E-42035F98A767}.Release|Any CPU.Build.0 = Release|x64
		{6F695BDF-6F8C-4A38-8F7E-42035F98A767}.Release|x64.ActiveCfg = Release|x64
		{6F695BDF-6F8C-4A38-8F7E-42035F98A767}.Release|x64.Build.0 = Release|x64
		{6F695BDF-6F8C-4A38-8F7E-42035F98A767}.Release|x86.ActiveCfg = Release|Win32
		{6F695BDF-6F8C-4A38-8F7E-42035F98A767}.Release|x86.Build.0 = Release|Win32
		{8FFDE1E4-038B-4F20-996F-204206AED20C}.Debug|Any CPU.ActiveCfg = Debug|x64
		{8FFDE1E4-038B-4F20-996F-204206AED20C}.Debug|Any CPU.Build.0 = Debug|x64
		{8FFDE1E4-038B-4F20-996F-204206AED20C}.Debug|x64.ActiveCfg = Debug|x64
		{8FFDE1E4-038B-4F20-996F-204206AED20C}.Debug|x64.Build.0 = Debug|x64
		{8FFDE1E4-038B-4F20-996F-204206AED20C}.Debug|x86.ActiveCfg = Debug|x64
		{8FFDE1E4-038B-4F20-996F-204206AED20C}.Debug|x86.Build.0 = Debug|x64
		{8FFDE1E4-038B-4F20-996F-204206AED20C}.Release|Any CPU.ActiveCfg = Release|x64
		{8FFDE1E4-038B-4F20-996F-204206AED20C}.Release|Any CPU.Build.0 = Release|x64
		{8FFDE1E4-038B-4F20-996F-204206AED20C}.Release|x64.ActiveCfg = Release|x64
		{8FFDE1E4-038B-4F20-996F-204206AED20C}.Release|x64.Build.0 = Release|x64
		{8FFDE1E4-038B-4F20-996F-204206AED20C}.Release|x86.ActiveCfg = Release|x64
		{8FFDE1E4-038B-4F20-996F-204206AED20C}.Release|x86.Build.0 = Release|x64
	EndGlobalSection
	GlobalSection(SolutionProperties) = preSolution
		HideSolutionNode = FALSE
	EndGlobalSection
	GlobalSection(NestedProjects) = preSolution
		{DCA12D91-2102-455B-924C-E57B8B434130} = {881589EE-639B-0A35-DBCE-5D94E4FC90C0}
		{3D539C38-4D76-4320-9DC6-8C1E35C9A441} = {881589EE-639B-0A35-DBCE-5D94E4FC90C0}
		{A4873721-FFFA-498A-82DB-B82BC054473A} = {881589EE-639B-0A35-DBCE-5D94E4FC90C0}
		{CA027F07-1E8D-46BB-9386-D926EA888E9B} = {881589EE-639B-0A35-DBCE-5D94E4FC90C0}
		{67A8443D-865B-BE87-66D9-5E687BD1D751} = {A61EF809-8DE7-F541-932B-336E740821C7}
		{8C586C35-1908-45A6-89E8-DB149443A4FF} = {F95F473B-E98A-ACD6-1986-755F447BE36F}
		{1B41428F-3740-42D3-AEDF-C3C0296405B7} = {1860D2E4-5C43-71D5-59A5-599A4DE1DF67}
		{AA4515A6-B9BE-4358-AACB-236B9B12145A} = {F95F473B-E98A-ACD6-1986-755F447BE36F}
		{DEB02704-9A3D-4FC3-B10E-7D892EE15B65} = {F95F473B-E98A-ACD6-1986-755F447BE36F}
		{6F695BDF-6F8C-4A38-8F7E-42035F98A767} = {F95F473B-E98A-ACD6-1986-755F447BE36F}
		{8FFDE1E4-038B-4F20-996F-204206AED20C} = {1860D2E4-5C43-71D5-59A5-599A4DE1DF67}
	EndGlobalSection
EndGlobal
